
Microsoft Visual Studio Solution File, Format Version 12.00
# Visual Studio Version 17
VisualStudioVersion = 17.9.34701.34
MinimumVisualStudioVersion = 10.0.40219.1
Project("{9A19103F-16F7-4668-BE54-9A1E7A4F7556}") = "API", "API\API.csproj", "{F0EEEDEE-B3A1-49EA-8858-AF5095C81A28}"
EndProject
Project("{9A19103F-16F7-4668-BE54-9A1E7A4F7556}") = "Domain", "Domain\Domain.csproj", "{A25B6F98-3025-484B-8E8F-CEE702EC4571}"
EndProject
Project("{9A19103F-16F7-4668-BE54-9A1E7A4F7556}") = "Application", "Application\Application.csproj", "{8881B5F3-24C6-4559-9D82-4E31A5F1F9DA}"
EndProject
Project("{9A19103F-16F7-4668-BE54-9A1E7A4F7556}") = "Infrastructure", "Infrastructure\Infrastructure.csproj", "{FB63F565-278A-4333-9FC2-022281D4D213}"
EndProject
Project("{2150E333-8FDC-42A3-9474-1A3956D46DE8}") = "1.API", "1.API", "{1EAEBB75-3065-4503-8D06-FDD87F760F00}"
EndProject
Project("{2150E333-8FDC-42A3-9474-1A3956D46DE8}") = "2.Core", "2.Core", "{5474233E-B265-4B56-ADF2-FDD79AF66F14}"
EndProject
Project("{2150E333-8FDC-42A3-9474-1A3956D46DE8}") = "3.Infrastructure", "3.Infrastructure", "{74CA70F6-E399-46A9-A1BC-01D5454C461D}"
EndProject
Project("{2150E333-8FDC-42A3-9474-1A3956D46DE8}") = "4.Tests", "4.Tests", "{EEF72721-B87F-4F06-849A-E9F8F4D246E7}"
EndProject
Project("{FAE04EC0-301F-11D3-BF4B-00C04F79EFBC}") = "Tests", "Tests\Tests.csproj", "{2CEA5C89-614E-49BB-86A5-14564FCA5ABC}"
EndProject
Global
	GlobalSection(SolutionConfigurationPlatforms) = preSolution
		Debug|Any CPU = Debug|Any CPU
		Release|Any CPU = Release|Any CPU
	EndGlobalSection
	GlobalSection(ProjectConfigurationPlatforms) = postSolution
		{F0EEEDEE-B3A1-49EA-8858-AF5095C81A28}.Debug|Any CPU.ActiveCfg = Debug|Any CPU
		{F0EEEDEE-B3A1-49EA-8858-AF5095C81A28}.Debug|Any CPU.Build.0 = Debug|Any CPU
		{F0EEEDEE-B3A1-49EA-8858-AF5095C81A28}.Release|Any CPU.ActiveCfg = Release|Any CPU
		{F0EEEDEE-B3A1-49EA-8858-AF5095C81A28}.Release|Any CPU.Build.0 = Release|Any CPU
		{A25B6F98-3025-484B-8E8F-CEE702EC4571}.Debug|Any CPU.ActiveCfg = Debug|Any CPU
		{A25B6F98-3025-484B-8E8F-CEE702EC4571}.Debug|Any CPU.Build.0 = Debug|Any CPU
		{A25B6F98-3025-484B-8E8F-CEE702EC4571}.Release|Any CPU.ActiveCfg = Release|Any CPU
		{A25B6F98-3025-484B-8E8F-CEE702EC4571}.Release|Any CPU.Build.0 = Release|Any CPU
		{8881B5F3-24C6-4559-9D82-4E31A5F1F9DA}.Debug|Any CPU.ActiveCfg = Debug|Any CPU
		{8881B5F3-24C6-4559-9D82-4E31A5F1F9DA}.Debug|Any CPU.Build.0 = Debug|Any CPU
		{8881B5F3-24C6-4559-9D82-4E31A5F1F9DA}.Release|Any CPU.ActiveCfg = Release|Any CPU
		{8881B5F3-24C6-4559-9D82-4E31A5F1F9DA}.Release|Any CPU.Build.0 = Release|Any CPU
		{FB63F565-278A-4333-9FC2-022281D4D213}.Debug|Any CPU.ActiveCfg = Debug|Any CPU
		{FB63F565-278A-4333-9FC2-022281D4D213}.Debug|Any CPU.Build.0 = Debug|Any CPU
		{FB63F565-278A-4333-9FC2-022281D4D213}.Release|Any CPU.ActiveCfg = Release|Any CPU
		{FB63F565-278A-4333-9FC2-022281D4D213}.Release|Any CPU.Build.0 = Release|Any CPU
		{2CEA5C89-614E-49BB-86A5-14564FCA5ABC}.Debug|Any CPU.ActiveCfg = Debug|Any CPU
		{2CEA5C89-614E-49BB-86A5-14564FCA5ABC}.Debug|Any CPU.Build.0 = Debug|Any CPU
		{2CEA5C89-614E-49BB-86A5-14564FCA5ABC}.Release|Any CPU.ActiveCfg = Release|Any CPU
		{2CEA5C89-614E-49BB-86A5-14564FCA5ABC}.Release|Any CPU.Build.0 = Release|Any CPU
	EndGlobalSection
	GlobalSection(SolutionProperties) = preSolution
		HideSolutionNode = FALSE
	EndGlobalSection
	GlobalSection(NestedProjects) = preSolution
		{F0EEEDEE-B3A1-49EA-8858-AF5095C81A28} = {1EAEBB75-3065-4503-8D06-FDD87F760F00}
		{A25B6F98-3025-484B-8E8F-CEE702EC4571} = {5474233E-B265-4B56-ADF2-FDD79AF66F14}
		{8881B5F3-24C6-4559-9D82-4E31A5F1F9DA} = {5474233E-B265-4B56-ADF2-FDD79AF66F14}
		{FB63F565-278A-4333-9FC2-022281D4D213} = {74CA70F6-E399-46A9-A1BC-01D5454C461D}
		{2CEA5C89-614E-49BB-86A5-14564FCA5ABC} = {EEF72721-B87F-4F06-849A-E9F8F4D246E7}
	EndGlobalSection
	GlobalSection(ExtensibilityGlobals) = postSolution
		SolutionGuid = {33B97C41-DAE6-499A-A7F1-A3C1689F44BB}
	EndGlobalSection
EndGlobal
